
Microsoft Visual Studio Solution File, Format Version 12.00
# Visual Studio Version 17
VisualStudioVersion = 17.7.34031.279
MinimumVisualStudioVersion = 10.0.40219.1
Project("{FAE04EC0-301F-11D3-BF4B-00C04F79EFBC}") = "4-module_hw", "4-module_pr\4-module_hw.csproj", "{9AD7CE19-A7DD-4F6A-9436-CBD523056079}"
EndProject
Global
	GlobalSection(SolutionConfigurationPlatforms) = preSolution
		Debug|Any CPU = Debug|Any CPU
		Release|Any CPU = Release|Any CPU
	EndGlobalSection
	GlobalSection(ProjectConfigurationPlatforms) = postSolution
		{9AD7CE19-A7DD-4F6A-9436-CBD523056079}.Debug|Any CPU.ActiveCfg = Debug|Any CPU
		{9AD7CE19-A7DD-4F6A-9436-CBD523056079}.Debug|Any CPU.Build.0 = Debug|Any CPU
		{9AD7CE19-A7DD-4F6A-9436-CBD523056079}.Release|Any CPU.ActiveCfg = Release|Any CPU
		{9AD7CE19-A7DD-4F6A-9436-CBD523056079}.Release|Any CPU.Build.0 = Release|Any CPU
	EndGlobalSection
	GlobalSection(SolutionProperties) = preSolution
		HideSolutionNode = FALSE
	EndGlobalSection
	GlobalSection(ExtensibilityGlobals) = postSolution
		SolutionGuid = {FB002D34-338F-4DB5-81E1-054289E174E4}
	EndGlobalSection
EndGlobal
